{
  "nodes": {
    "nixpkgs": {
      "locked": {
        "lastModified": 1609187327,
        "narHash": "sha256-6lCwWpGpZxbSYclryv4ixsxxbISe7HuLyyQnGWCC8ZQ=",
        "owner": "NixOS",
        "repo": "nixpkgs",
        "rev": "e065200fc90175a8f6e50e76ef10a48786126e1c",
        "type": "github"
      },
      "original": {
        "owner": "NixOS",
        "ref": "nixos-20.09",
        "repo": "nixpkgs",
        "type": "github"
      }
    },
    "root": {
      "inputs": {
        "nixpkgs": "nixpkgs"
      }
    }
  },
  "root": "root",
  "version": 7
}
